
Microsoft Visual Studio Solution File, Format Version 12.00
# Visual Studio Version 17
VisualStudioVersion = 17.14.36408.4
MinimumVisualStudioVersion = 10.0.40219.1
Project("{FAE04EC0-301F-11D3-BF4B-00C04F79EFBC}") = "UStealth.WinForms", "UStealth.WinForms\UStealth.WinForms.csproj", "{398B4E66-76A0-4EAB-E55D-1E0F4B399DCF}"
EndProject
Project("{FAE04EC0-301F-11D3-BF4B-00C04F79EFBC}") = "UStealth.WinUI", "UStealth.WinUI\UStealth.WinUI.csproj", "{F7A2D650-5482-4872-861E-B78949D24B44}"
	ProjectSection(ProjectDependencies) = postProject
		{CF779017-9EDB-7AAD-4A85-47AA56DBDE0A} = {CF779017-9EDB-7AAD-4A85-47AA56DBDE0A}
	EndProjectSection
EndProject
Project("{FAE04EC0-301F-11D3-BF4B-00C04F79EFBC}") = "WinUI.TableView", "WinUI.TableView\WinUI.TableView.csproj", "{EA889F0C-4B55-0829-CC5C-41CD73F5F627}"
EndProject
Project("{FAE04EC0-301F-11D3-BF4B-00C04F79EFBC}") = "UStealth.DriveHelper", "UStealth.DriveHelper\UStealth.DriveHelper.csproj", "{CF779017-9EDB-7AAD-4A85-47AA56DBDE0A}"
EndProject
Project("{2150E333-8FDC-42A3-9474-1A3956D46DE8}") = "Solution Items", "Solution Items", "{8EC462FD-D22E-90A8-E5CE-7E832BA40C5D}"
	ProjectSection(SolutionItems) = preProject
		README.md = README.md
	EndProjectSection
EndProject
Project("{FAE04EC0-301F-11D3-BF4B-00C04F79EFBC}") = "UStealth.Tests", "UStealth.Tests\UStealth.Tests.csproj", "{020689EF-C91F-2DC2-CB85-824697C7E217}"
EndProject
Project("{FAE04EC0-301F-11D3-BF4B-00C04F79EFBC}") = "UStealth.ModularPipelines", "UStealth.ModularPipelines\UStealth.ModularPipelines.csproj", "{EFC76260-3694-4486-9B4D-F2B567DB525D}"
EndProject
Project("{C7167F0D-BC9F-4E6E-AFE1-012C56B48DB5}") = "UStealth.DriveHelper.Packaging", "UStealth.DriveHelper.Packaging\UStealth.DriveHelper.Packaging.wapproj", "{165241B8-583E-4199-A7F2-61CD200FF6EC}"
EndProject
Global
	GlobalSection(SolutionConfigurationPlatforms) = preSolution
		Debug|Any CPU = Debug|Any CPU
		Debug|ARM = Debug|ARM
		Debug|ARM64 = Debug|ARM64
		Debug|x64 = Debug|x64
		Debug|x86 = Debug|x86
		Release|Any CPU = Release|Any CPU
		Release|ARM = Release|ARM
		Release|ARM64 = Release|ARM64
		Release|x64 = Release|x64
		Release|x86 = Release|x86
	EndGlobalSection
	GlobalSection(ProjectConfigurationPlatforms) = postSolution
		{398B4E66-76A0-4EAB-E55D-1E0F4B399DCF}.Debug|Any CPU.ActiveCfg = Debug|Any CPU
		{398B4E66-76A0-4EAB-E55D-1E0F4B399DCF}.Debug|Any CPU.Build.0 = Debug|Any CPU
		{398B4E66-76A0-4EAB-E55D-1E0F4B399DCF}.Debug|ARM.ActiveCfg = Debug|Any CPU
		{398B4E66-76A0-4EAB-E55D-1E0F4B399DCF}.Debug|ARM.Build.0 = Debug|Any CPU
		{398B4E66-76A0-4EAB-E55D-1E0F4B399DCF}.Debug|ARM64.ActiveCfg = Debug|Any CPU
		{398B4E66-76A0-4EAB-E55D-1E0F4B399DCF}.Debug|x64.ActiveCfg = Debug|x64
		{398B4E66-76A0-4EAB-E55D-1E0F4B399DCF}.Debug|x64.Build.0 = Debug|x64
		{398B4E66-76A0-4EAB-E55D-1E0F4B399DCF}.Debug|x86.ActiveCfg = Debug|Any CPU
		{398B4E66-76A0-4EAB-E55D-1E0F4B399DCF}.Release|Any CPU.ActiveCfg = Release|Any CPU
		{398B4E66-76A0-4EAB-E55D-1E0F4B399DCF}.Release|Any CPU.Build.0 = Release|Any CPU
		{398B4E66-76A0-4EAB-E55D-1E0F4B399DCF}.Release|ARM.ActiveCfg = Release|Any CPU
		{398B4E66-76A0-4EAB-E55D-1E0F4B399DCF}.Release|ARM.Build.0 = Release|Any CPU
		{398B4E66-76A0-4EAB-E55D-1E0F4B399DCF}.Release|ARM64.ActiveCfg = Release|Any CPU
		{398B4E66-76A0-4EAB-E55D-1E0F4B399DCF}.Release|x64.ActiveCfg = Release|x64
		{398B4E66-76A0-4EAB-E55D-1E0F4B399DCF}.Release|x64.Build.0 = Release|x64
		{398B4E66-76A0-4EAB-E55D-1E0F4B399DCF}.Release|x86.ActiveCfg = Release|Any CPU
		{F7A2D650-5482-4872-861E-B78949D24B44}.Debug|Any CPU.ActiveCfg = Debug|Any CPU
		{F7A2D650-5482-4872-861E-B78949D24B44}.Debug|Any CPU.Build.0 = Debug|Any CPU
		{F7A2D650-5482-4872-861E-B78949D24B44}.Debug|Any CPU.Deploy.0 = Debug|Any CPU
		{F7A2D650-5482-4872-861E-B78949D24B44}.Debug|ARM.ActiveCfg = Debug|Any CPU
		{F7A2D650-5482-4872-861E-B78949D24B44}.Debug|ARM.Build.0 = Debug|Any CPU
		{F7A2D650-5482-4872-861E-B78949D24B44}.Debug|ARM.Deploy.0 = Debug|Any CPU
		{F7A2D650-5482-4872-861E-B78949D24B44}.Debug|ARM64.ActiveCfg = Debug|ARM64
		{F7A2D650-5482-4872-861E-B78949D24B44}.Debug|ARM64.Build.0 = Debug|ARM64
		{F7A2D650-5482-4872-861E-B78949D24B44}.Debug|ARM64.Deploy.0 = Debug|ARM64
		{F7A2D650-5482-4872-861E-B78949D24B44}.Debug|x64.ActiveCfg = Debug|x64
		{F7A2D650-5482-4872-861E-B78949D24B44}.Debug|x64.Build.0 = Debug|x64
		{F7A2D650-5482-4872-861E-B78949D24B44}.Debug|x64.Deploy.0 = Debug|x64
		{F7A2D650-5482-4872-861E-B78949D24B44}.Debug|x86.ActiveCfg = Debug|x86
		{F7A2D650-5482-4872-861E-B78949D24B44}.Debug|x86.Build.0 = Debug|x86
		{F7A2D650-5482-4872-861E-B78949D24B44}.Debug|x86.Deploy.0 = Debug|x86
		{F7A2D650-5482-4872-861E-B78949D24B44}.Release|Any CPU.ActiveCfg = Release|Any CPU
		{F7A2D650-5482-4872-861E-B78949D24B44}.Release|Any CPU.Build.0 = Release|Any CPU
		{F7A2D650-5482-4872-861E-B78949D24B44}.Release|Any CPU.Deploy.0 = Release|Any CPU
		{F7A2D650-5482-4872-861E-B78949D24B44}.Release|ARM.ActiveCfg = Release|Any CPU
		{F7A2D650-5482-4872-861E-B78949D24B44}.Release|ARM.Build.0 = Release|Any CPU
		{F7A2D650-5482-4872-861E-B78949D24B44}.Release|ARM.Deploy.0 = Release|Any CPU
		{F7A2D650-5482-4872-861E-B78949D24B44}.Release|ARM64.ActiveCfg = Release|ARM64
		{F7A2D650-5482-4872-861E-B78949D24B44}.Release|ARM64.Build.0 = Release|ARM64
		{F7A2D650-5482-4872-861E-B78949D24B44}.Release|ARM64.Deploy.0 = Release|ARM64
		{F7A2D650-5482-4872-861E-B78949D24B44}.Release|x64.ActiveCfg = Release|x64
		{F7A2D650-5482-4872-861E-B78949D24B44}.Release|x64.Build.0 = Release|x64
		{F7A2D650-5482-4872-861E-B78949D24B44}.Release|x64.Deploy.0 = Release|x64
		{F7A2D650-5482-4872-861E-B78949D24B44}.Release|x86.ActiveCfg = Release|x86
		{F7A2D650-5482-4872-861E-B78949D24B44}.Release|x86.Build.0 = Release|x86
		{F7A2D650-5482-4872-861E-B78949D24B44}.Release|x86.Deploy.0 = Release|x86
		{EA889F0C-4B55-0829-CC5C-41CD73F5F627}.Debug|Any CPU.ActiveCfg = Debug|Any CPU
		{EA889F0C-4B55-0829-CC5C-41CD73F5F627}.Debug|Any CPU.Build.0 = Debug|Any CPU
		{EA889F0C-4B55-0829-CC5C-41CD73F5F627}.Debug|ARM.ActiveCfg = Debug|Any CPU
		{EA889F0C-4B55-0829-CC5C-41CD73F5F627}.Debug|ARM.Build.0 = Debug|Any CPU
		{EA889F0C-4B55-0829-CC5C-41CD73F5F627}.Debug|ARM64.ActiveCfg = Debug|Any CPU
		{EA889F0C-4B55-0829-CC5C-41CD73F5F627}.Debug|ARM64.Build.0 = Debug|Any CPU
		{EA889F0C-4B55-0829-CC5C-41CD73F5F627}.Debug|x64.ActiveCfg = Debug|Any CPU
		{EA889F0C-4B55-0829-CC5C-41CD73F5F627}.Debug|x64.Build.0 = Debug|Any CPU
		{EA889F0C-4B55-0829-CC5C-41CD73F5F627}.Debug|x86.ActiveCfg = Debug|Any CPU
		{EA889F0C-4B55-0829-CC5C-41CD73F5F627}.Debug|x86.Build.0 = Debug|Any CPU
		{EA889F0C-4B55-0829-CC5C-41CD73F5F627}.Release|Any CPU.ActiveCfg = Release|Any CPU
		{EA889F0C-4B55-0829-CC5C-41CD73F5F627}.Release|Any CPU.Build.0 = Release|Any CPU
		{EA889F0C-4B55-0829-CC5C-41CD73F5F627}.Release|ARM.ActiveCfg = Release|Any CPU
		{EA889F0C-4B55-0829-CC5C-41CD73F5F627}.Release|ARM.Build.0 = Release|Any CPU
		{EA889F0C-4B55-0829-CC5C-41CD73F5F627}.Release|ARM64.ActiveCfg = Release|Any CPU
		{EA889F0C-4B55-0829-CC5C-41CD73F5F627}.Release|ARM64.Build.0 = Release|Any CPU
		{EA889F0C-4B55-0829-CC5C-41CD73F5F627}.Release|x64.ActiveCfg = Release|Any CPU
		{EA889F0C-4B55-0829-CC5C-41CD73F5F627}.Release|x64.Build.0 = Release|Any CPU
		{EA889F0C-4B55-0829-CC5C-41CD73F5F627}.Release|x86.ActiveCfg = Release|Any CPU
		{EA889F0C-4B55-0829-CC5C-41CD73F5F627}.Release|x86.Build.0 = Release|Any CPU
		{CF779017-9EDB-7AAD-4A85-47AA56DBDE0A}.Debug|Any CPU.ActiveCfg = Debug|Any CPU
		{CF779017-9EDB-7AAD-4A85-47AA56DBDE0A}.Debug|Any CPU.Build.0 = Debug|Any CPU
		{CF779017-9EDB-7AAD-4A85-47AA56DBDE0A}.Debug|ARM.ActiveCfg = Debug|Any CPU
		{CF779017-9EDB-7AAD-4A85-47AA56DBDE0A}.Debug|ARM.Build.0 = Debug|Any CPU
		{CF779017-9EDB-7AAD-4A85-47AA56DBDE0A}.Debug|ARM64.ActiveCfg = Debug|Any CPU
		{CF779017-9EDB-7AAD-4A85-47AA56DBDE0A}.Debug|ARM64.Build.0 = Debug|Any CPU
		{CF779017-9EDB-7AAD-4A85-47AA56DBDE0A}.Debug|x64.ActiveCfg = Debug|x64
		{CF779017-9EDB-7AAD-4A85-47AA56DBDE0A}.Debug|x64.Build.0 = Debug|x64
		{CF779017-9EDB-7AAD-4A85-47AA56DBDE0A}.Debug|x86.ActiveCfg = Debug|x86
		{CF779017-9EDB-7AAD-4A85-47AA56DBDE0A}.Debug|x86.Build.0 = Debug|x86
		{CF779017-9EDB-7AAD-4A85-47AA56DBDE0A}.Release|Any CPU.ActiveCfg = Release|Any CPU
		{CF779017-9EDB-7AAD-4A85-47AA56DBDE0A}.Release|Any CPU.Build.0 = Release|Any CPU
		{CF779017-9EDB-7AAD-4A85-47AA56DBDE0A}.Release|ARM.ActiveCfg = Release|Any CPU
		{CF779017-9EDB-7AAD-4A85-47AA56DBDE0A}.Release|ARM.Build.0 = Release|Any CPU
		{CF779017-9EDB-7AAD-4A85-47AA56DBDE0A}.Release|ARM64.ActiveCfg = Release|Any CPU
		{CF779017-9EDB-7AAD-4A85-47AA56DBDE0A}.Release|ARM64.Build.0 = Release|Any CPU
		{CF779017-9EDB-7AAD-4A85-47AA56DBDE0A}.Release|x64.ActiveCfg = Release|x64
		{CF779017-9EDB-7AAD-4A85-47AA56DBDE0A}.Release|x64.Build.0 = Release|x64
		{CF779017-9EDB-7AAD-4A85-47AA56DBDE0A}.Release|x86.ActiveCfg = Release|x86
		{CF779017-9EDB-7AAD-4A85-47AA56DBDE0A}.Release|x86.Build.0 = Release|x86
		{020689EF-C91F-2DC2-CB85-824697C7E217}.Debug|Any CPU.ActiveCfg = Debug|Any CPU
		{020689EF-C91F-2DC2-CB85-824697C7E217}.Debug|Any CPU.Build.0 = Debug|Any CPU
		{020689EF-C91F-2DC2-CB85-824697C7E217}.Debug|ARM.ActiveCfg = Debug|Any CPU
		{020689EF-C91F-2DC2-CB85-824697C7E217}.Debug|ARM.Build.0 = Debug|Any CPU
		{020689EF-C91F-2DC2-CB85-824697C7E217}.Debug|ARM64.ActiveCfg = Debug|ARM64
		{020689EF-C91F-2DC2-CB85-824697C7E217}.Debug|ARM64.Build.0 = Debug|ARM64
		{020689EF-C91F-2DC2-CB85-824697C7E217}.Debug|x64.ActiveCfg = Debug|x64
		{020689EF-C91F-2DC2-CB85-824697C7E217}.Debug|x64.Build.0 = Debug|x64
		{020689EF-C91F-2DC2-CB85-824697C7E217}.Debug|x86.ActiveCfg = Debug|x86
		{020689EF-C91F-2DC2-CB85-824697C7E217}.Debug|x86.Build.0 = Debug|x86
		{020689EF-C91F-2DC2-CB85-824697C7E217}.Release|Any CPU.ActiveCfg = Release|Any CPU
		{020689EF-C91F-2DC2-CB85-824697C7E217}.Release|Any CPU.Build.0 = Release|Any CPU
		{020689EF-C91F-2DC2-CB85-824697C7E217}.Release|ARM.ActiveCfg = Release|Any CPU
		{020689EF-C91F-2DC2-CB85-824697C7E217}.Release|ARM.Build.0 = Release|Any CPU
		{020689EF-C91F-2DC2-CB85-824697C7E217}.Release|ARM64.ActiveCfg = Release|ARM64
		{020689EF-C91F-2DC2-CB85-824697C7E217}.Release|ARM64.Build.0 = Release|ARM64
		{020689EF-C91F-2DC2-CB85-824697C7E217}.Release|x64.ActiveCfg = Release|x64
		{020689EF-C91F-2DC2-CB85-824697C7E217}.Release|x64.Build.0 = Release|x64
		{020689EF-C91F-2DC2-CB85-824697C7E217}.Release|x86.ActiveCfg = Release|x86
		{020689EF-C91F-2DC2-CB85-824697C7E217}.Release|x86.Build.0 = Release|x86
		{EFC76260-3694-4486-9B4D-F2B567DB525D}.Debug|Any CPU.ActiveCfg = Debug|Any CPU
		{EFC76260-3694-4486-9B4D-F2B567DB525D}.Debug|Any CPU.Build.0 = Debug|Any CPU
		{EFC76260-3694-4486-9B4D-F2B567DB525D}.Debug|ARM.ActiveCfg = Debug|Any CPU
		{EFC76260-3694-4486-9B4D-F2B567DB525D}.Debug|ARM.Build.0 = Debug|Any CPU
		{EFC76260-3694-4486-9B4D-F2B567DB525D}.Debug|ARM64.ActiveCfg = Debug|Any CPU
		{EFC76260-3694-4486-9B4D-F2B567DB525D}.Debug|ARM64.Build.0 = Debug|Any CPU
		{EFC76260-3694-4486-9B4D-F2B567DB525D}.Debug|x64.ActiveCfg = Debug|Any CPU
		{EFC76260-3694-4486-9B4D-F2B567DB525D}.Debug|x64.Build.0 = Debug|Any CPU
		{EFC76260-3694-4486-9B4D-F2B567DB525D}.Debug|x86.ActiveCfg = Debug|Any CPU
		{EFC76260-3694-4486-9B4D-F2B567DB525D}.Debug|x86.Build.0 = Debug|Any CPU
		{EFC76260-3694-4486-9B4D-F2B567DB525D}.Release|Any CPU.ActiveCfg = Release|Any CPU
		{EFC76260-3694-4486-9B4D-F2B567DB525D}.Release|Any CPU.Build.0 = Release|Any CPU
		{EFC76260-3694-4486-9B4D-F2B567DB525D}.Release|ARM.ActiveCfg = Release|Any CPU
		{EFC76260-3694-4486-9B4D-F2B567DB525D}.Release|ARM.Build.0 = Release|Any CPU
		{EFC76260-3694-4486-9B4D-F2B567DB525D}.Release|ARM64.ActiveCfg = Release|Any CPU
		{EFC76260-3694-4486-9B4D-F2B567DB525D}.Release|ARM64.Build.0 = Release|Any CPU
		{EFC76260-3694-4486-9B4D-F2B567DB525D}.Release|x64.ActiveCfg = Release|Any CPU
		{EFC76260-3694-4486-9B4D-F2B567DB525D}.Release|x64.Build.0 = Release|Any CPU
		{EFC76260-3694-4486-9B4D-F2B567DB525D}.Release|x86.ActiveCfg = Release|Any CPU
		{EFC76260-3694-4486-9B4D-F2B567DB525D}.Release|x86.Build.0 = Release|Any CPU
		{165241B8-583E-4199-A7F2-61CD200FF6EC}.Debug|Any CPU.ActiveCfg = Debug|Any CPU
		{165241B8-583E-4199-A7F2-61CD200FF6EC}.Debug|Any CPU.Build.0 = Debug|Any CPU
		{165241B8-583E-4199-A7F2-61CD200FF6EC}.Debug|Any CPU.Deploy.0 = Debug|Any CPU
		{165241B8-583E-4199-A7F2-61CD200FF6EC}.Debug|ARM.ActiveCfg = Debug|ARM
		{165241B8-583E-4199-A7F2-61CD200FF6EC}.Debug|ARM.Build.0 = Debug|ARM
		{165241B8-583E-4199-A7F2-61CD200FF6EC}.Debug|ARM.Deploy.0 = Debug|ARM
		{165241B8-583E-4199-A7F2-61CD200FF6EC}.Debug|ARM64.ActiveCfg = Debug|ARM64
		{165241B8-583E-4199-A7F2-61CD200FF6EC}.Debug|ARM64.Build.0 = Debug|ARM64
		{165241B8-583E-4199-A7F2-61CD200FF6EC}.Debug|ARM64.Deploy.0 = Debug|ARM64
		{165241B8-583E-4199-A7F2-61CD200FF6EC}.Debug|x64.ActiveCfg = Debug|x64
		{165241B8-583E-4199-A7F2-61CD200FF6EC}.Debug|x64.Build.0 = Debug|x64
		{165241B8-583E-4199-A7F2-61CD200FF6EC}.Debug|x64.Deploy.0 = Debug|x64
		{165241B8-583E-4199-A7F2-61CD200FF6EC}.Debug|x86.ActiveCfg = Debug|x86
		{165241B8-583E-4199-A7F2-61CD200FF6EC}.Debug|x86.Build.0 = Debug|x86
		{165241B8-583E-4199-A7F2-61CD200FF6EC}.Debug|x86.Deploy.0 = Debug|x86
		{165241B8-583E-4199-A7F2-61CD200FF6EC}.Release|Any CPU.ActiveCfg = Release|Any CPU
		{165241B8-583E-4199-A7F2-61CD200FF6EC}.Release|Any CPU.Build.0 = Release|Any CPU
		{165241B8-583E-4199-A7F2-61CD200FF6EC}.Release|Any CPU.Deploy.0 = Release|Any CPU
		{165241B8-583E-4199-A7F2-61CD200FF6EC}.Release|ARM.ActiveCfg = Release|ARM
		{165241B8-583E-4199-A7F2-61CD200FF6EC}.Release|ARM.Build.0 = Release|ARM
		{165241B8-583E-4199-A7F2-61CD200FF6EC}.Release|ARM.Deploy.0 = Release|ARM
		{165241B8-583E-4199-A7F2-61CD200FF6EC}.Release|ARM64.ActiveCfg = Release|ARM64
		{165241B8-583E-4199-A7F2-61CD200FF6EC}.Release|ARM64.Build.0 = Release|ARM64
		{165241B8-583E-4199-A7F2-61CD200FF6EC}.Release|ARM64.Deploy.0 = Release|ARM64
		{165241B8-583E-4199-A7F2-61CD200FF6EC}.Release|x64.ActiveCfg = Release|x64
		{165241B8-583E-4199-A7F2-61CD200FF6EC}.Release|x64.Build.0 = Release|x64
		{165241B8-583E-4199-A7F2-61CD200FF6EC}.Release|x64.Deploy.0 = Release|x64
		{165241B8-583E-4199-A7F2-61CD200FF6EC}.Release|x86.ActiveCfg = Release|x86
		{165241B8-583E-4199-A7F2-61CD200FF6EC}.Release|x86.Build.0 = Release|x86
		{165241B8-583E-4199-A7F2-61CD200FF6EC}.Release|x86.Deploy.0 = Release|x86
	EndGlobalSection
	GlobalSection(SolutionProperties) = preSolution
		HideSolutionNode = FALSE
	EndGlobalSection
	GlobalSection(ExtensibilityGlobals) = postSolution
		SolutionGuid = {98D33CB8-AE04-4BAD-B2F7-4CE135531440}
	EndGlobalSection
EndGlobal
